// !$*UTF8*$!
{
	archiveVersion = 1;
	classes = {
	};
	objectVersion = 50;
	objects = {

/* Begin PBXBuildFile section */
		FDC3827626CFCBEE0001EE18 /* AppDelegate.swift in Sources */ = {isa = PBXBuildFile; fileRef = FDC3827526CFCBEE0001EE18 /* AppDelegate.swift */; };
		FDC3827826CFCBEE0001EE18 /* SceneDelegate.swift in Sources */ = {isa = PBXBuildFile; fileRef = FDC3827726CFCBEE0001EE18 /* SceneDelegate.swift */; };
		FDC3827D26CFCBEE0001EE18 /* Main.storyboard in Resources */ = {isa = PBXBuildFile; fileRef = FDC3827B26CFCBEE0001EE18 /* Main.storyboard */; };
		FDC3827F26CFCBEF0001EE18 /* Assets.xcassets in Resources */ = {isa = PBXBuildFile; fileRef = FDC3827E26CFCBEF0001EE18 /* Assets.xcassets */; };
		FDC3828226CFCBEF0001EE18 /* LaunchScreen.storyboard in Resources */ = {isa = PBXBuildFile; fileRef = FDC3828026CFCBEF0001EE18 /* LaunchScreen.storyboard */; };
		FDDAA4C226D0B5D000370E26 /* ColorSliderViewController.swift in Sources */ = {isa = PBXBuildFile; fileRef = FDDAA4C126D0B5D000370E26 /* ColorSliderViewController.swift */; };
/* End PBXBuildFile section */

/* Begin PBXFileReference section */
		FDC3827226CFCBEE0001EE18 /* SliderHomeWork.app */ = {isa = PBXFileReference; explicitFileType = wrapper.application; includeInIndex = 0; path = SliderHomeWork.app; sourceTree = BUILT_PRODUCTS_DIR; };
		FDC3827526CFCBEE0001EE18 /* AppDelegate.swift */ = {isa = PBXFileReference; lastKnownFileType = sourcecode.swift; path = AppDelegate.swift; sourceTree = "<group>"; };
		FDC3827726CFCBEE0001EE18 /* SceneDelegate.swift */ = {isa = PBXFileReference; lastKnownFileType = sourcecode.swift; path = SceneDelegate.swift; sourceTree = "<group>"; };
		FDC3827C26CFCBEE0001EE18 /* Base */ = {isa = PBXFileReference; lastKnownFileType = file.storyboard; name = Base; path = Base.lproj/Main.storyboard; sourceTree = "<group>"; };
		FDC3827E26CFCBEF0001EE18 /* Assets.xcassets */ = {isa = PBXFileReference; lastKnownFileType = folder.assetcatalog; path = Assets.xcassets; sourceTree = "<group>"; };
		FDC3828126CFCBEF0001EE18 /* Base */ = {isa = PBXFileReference; lastKnownFileType = file.storyboard; name = Base; path = Base.lproj/LaunchScreen.storyboard; sourceTree = "<group>"; };
		FDC3828326CFCBEF0001EE18 /* Info.plist */ = {isa = PBXFileReference; lastKnownFileType = text.plist.xml; path = Info.plist; sourceTree = "<group>"; };
		FDDAA4C126D0B5D000370E26 /* ColorSliderViewController.swift */ = {isa = PBXFileReference; lastKnownFileType = sourcecode.swift; path = ColorSliderViewController.swift; sourceTree = "<group>"; };
/* End PBXFileReference section */

/* Begin PBXFrameworksBuildPhase section */
		FDC3826F26CFCBEE0001EE18 /* Frameworks */ = {
			isa = PBXFrameworksBuildPhase;
			buildActionMask = 2147483647;
			files = (
			);
			runOnlyForDeploymentPostprocessing = 0;
		};
/* End PBXFrameworksBuildPhase section */

/* Begin PBXGroup section */
		FDC3826926CFCBEE0001EE18 = {
			isa = PBXGroup;
			children = (
				FDC3827426CFCBEE0001EE18 /* SliderHomeWork */,
				FDC3827326CFCBEE0001EE18 /* Products */,
			);
			sourceTree = "<group>";
		};
		FDC3827326CFCBEE0001EE18 /* Products */ = {
			isa = PBXGroup;
			children = (
				FDC3827226CFCBEE0001EE18 /* SliderHomeWork.app */,
			);
			name = Products;
			sourceTree = "<group>";
		};
		FDC3827426CFCBEE0001EE18 /* SliderHomeWork */ = {
			isa = PBXGroup;
			children = (
				FDC3827526CFCBEE0001EE18 /* AppDelegate.swift */,
				FDC3827726CFCBEE0001EE18 /* SceneDelegate.swift */,
				FDDAA4C126D0B5D000370E26 /* ColorSliderViewController.swift */,
				FDC3827B26CFCBEE0001EE18 /* Main.storyboard */,
				FDC3827E26CFCBEF0001EE18 /* Assets.xcassets */,
				FDC3828026CFCBEF0001EE18 /* LaunchScreen.storyboard */,
				FDC3828326CFCBEF0001EE18 /* Info.plist */,
			);
			path = SliderHomeWork;
			sourceTree = "<group>";
		};
/* End PBXGroup section */

/* Begin PBXNativeTarget section */
		FDC3827126CFCBEE0001EE18 /* SliderHomeWork */ = {
			isa = PBXNativeTarget;
			buildConfigurationList = FDC3828626CFCBEF0001EE18 /* Build configuration list for PBXNativeTarget "SliderHomeWork" */;
			buildPhases = (
				FDC3826E26CFCBEE0001EE18 /* Sources */,
				FDC3826F26CFCBEE0001EE18 /* Frameworks */,
				FDC3827026CFCBEE0001EE18 /* Resources */,
			);
			buildRules = (
			);
			dependencies = (
			);
			name = SliderHomeWork;
			productName = SliderHomeWork;
			productReference = FDC3827226CFCBEE0001EE18 /* SliderHomeWork.app */;
			productType = "com.apple.product-type.application";
		};
/* End PBXNativeTarget section */

/* Begin PBXProject section */
		FDC3826A26CFCBEE0001EE18 /* Project object */ = {
			isa = PBXProject;
			attributes = {
				LastSwiftUpdateCheck = 1250;
				LastUpgradeCheck = 1250;
				TargetAttributes = {
					FDC3827126CFCBEE0001EE18 = {
						CreatedOnToolsVersion = 12.5.1;
					};
				};
			};
			buildConfigurationList = FDC3826D26CFCBEE0001EE18 /* Build configuration list for PBXProject "SliderHomeWork" */;
			compatibilityVersion = "Xcode 9.3";
			developmentRegion = en;
			hasScannedForEncodings = 0;
			knownRegions = (
				en,
				Base,
			);
			mainGroup = FDC3826926CFCBEE0001EE18;
			productRefGroup = FDC3827326CFCBEE0001EE18 /* Products */;
			projectDirPath = "";
			projectRoot = "";
			targets = (
				FDC3827126CFCBEE0001EE18 /* SliderHomeWork */,
			);
		};
/* End PBXProject section */

/* Begin PBXResourcesBuildPhase section */
		FDC3827026CFCBEE0001EE18 /* Resources */ = {
			isa = PBXResourcesBuildPhase;
			buildActionMask = 2147483647;
			files = (
				FDC3828226CFCBEF0001EE18 /* LaunchScreen.storyboard in Resources */,
				FDC3827F26CFCBEF0001EE18 /* Assets.xcassets in Resources */,
				FDC3827D26CFCBEE0001EE18 /* Main.storyboard in Resources */,
			);
			runOnlyForDeploymentPostprocessing = 0;
		};
/* End PBXResourcesBuildPhase section */

/* Begin PBXSourcesBuildPhase section */
		FDC3826E26CFCBEE0001EE18 /* Sources */ = {
			isa = PBXSourcesBuildPhase;
			buildActionMask = 2147483647;
			files = (
				FDC3827626CFCBEE0001EE18 /* AppDelegate.swift in Sources */,
				FDC3827826CFCBEE0001EE18 /* SceneDelegate.swift in Sources */,
				FDDAA4C226D0B5D000370E26 /* ColorSliderViewController.swift in Sources */,
			);
			runOnlyForDeploymentPostprocessing = 0;
		};
/* End PBXSourcesBuildPhase section */

/* Begin PBXVariantGroup section */
		FDC3827B26CFCBEE0001EE18 /* Main.storyboard */ = {
			isa = PBXVariantGroup;
			children = (
				FDC3827C26CFCBEE0001EE18 /* Base */,
			);
			name = Main.storyboard;
			sourceTree = "<group>";
		};
		FDC3828026CFCBEF0001EE18 /* LaunchScreen.storyboard */ = {
			isa = PBXVariantGroup;
			children = (
				FDC3828126CFCBEF0001EE18 /* Base */,
			);
			name = LaunchScreen.storyboard;
			sourceTree = "<group>";
		};
/* End PBXVariantGroup section */

/* Begin XCBuildConfiguration section */
		FDC3828426CFCBEF0001EE18 /* Debug */ = {
			isa = XCBuildConfiguration;
			buildSettings = {
				ALWAYS_SEARCH_USER_PATHS = NO;
				CLANG_ANALYZER_NONNULL = YES;
				CLANG_ANALYZER_NUMBER_OBJECT_CONVERSION = YES_AGGRESSIVE;
				CLANG_CXX_LANGUAGE_STANDARD = "gnu++14";
				CLANG_CXX_LIBRARY = "libc++";
				CLANG_ENABLE_MODULES = YES;
				CLANG_ENABLE_OBJC_ARC = YES;
				CLANG_ENABLE_OBJC_WEAK = YES;
				CLANG_WARN_BLOCK_CAPTURE_AUTORELEASING = YES;
				CLANG_WARN_BOOL_CONVERSION = YES;
				CLANG_WARN_COMMA = YES;
				CLANG_WARN_CONSTANT_CONVERSION = YES;
				CLANG_WARN_DEPRECATED_OBJC_IMPLEMENTATIONS = YES;
				CLANG_WARN_DIRECT_OBJC_ISA_USAGE = YES_ERROR;
				CLANG_WARN_DOCUMENTATION_COMMENTS = YES;
				CLANG_WARN_EMPTY_BODY = YES;
				CLANG_WARN_ENUM_CONVERSION = YES;
				CLANG_WARN_INFINITE_RECURSION = YES;
				CLANG_WARN_INT_CONVERSION = YES;
				CLANG_WARN_NON_LITERAL_NULL_CONVERSION = YES;
				CLANG_WARN_OBJC_IMPLICIT_RETAIN_SELF = YES;
				CLANG_WARN_OBJC_LITERAL_CONVERSION = YES;
				CLANG_WARN_OBJC_ROOT_CLASS = YES_ERROR;
				CLANG_WARN_QUOTED_INCLUDE_IN_FRAMEWORK_HEADER = YES;
				CLANG_WARN_RANGE_LOOP_ANALYSIS = YES;
				CLANG_WARN_STRICT_PROTOTYPES = YES;
				CLANG_WARN_SUSPICIOUS_MOVE = YES;
				CLANG_WARN_UNGUARDED_AVAILABILITY = YES_AGGRESSIVE;
				CLANG_WARN_UNREACHABLE_CODE = YES;
				CLANG_WARN__DUPLICATE_METHOD_MATCH = YES;
				COPY_PHASE_STRIP = NO;
				DEBUG_INFORMATION_FORMAT = dwarf;
				ENABLE_STRICT_OBJC_MSGSEND = YES;
				ENABLE_TESTABILITY = YES;
				GCC_C_LANGUAGE_STANDARD = gnu11;
				GCC_DYNAMIC_NO_PIC = NO;
				GCC_NO_COMMON_BLOCKS = YES;
				GCC_OPTIMIZATION_LEVEL = 0;
				GCC_PREPROCESSOR_DEFINITIONS = (
					"DEBUG=1",
					"$(inherited)",
				);
				GCC_WARN_64_TO_32_BIT_CONVERSION = YES;
				GCC_WARN_ABOUT_RETURN_TYPE = YES_ERROR;
				GCC_WARN_UNDECLARED_SELECTOR = YES;
				GCC_WARN_UNINITIALIZED_AUTOS = YES_AGGRESSIVE;
				GCC_WARN_UNUSED_FUNCTION = YES;
				GCC_WARN_UNUSED_VARIABLE = YES;
				IPHONEOS_DEPLOYMENT_TARGET = 14.5;
				MTL_ENABLE_DEBUG_INFO = INCLUDE_SOURCE;
				MTL_FAST_MATH = YES;
				ONLY_ACTIVE_ARCH = YES;
				SDKROOT = iphoneos;
				SWIFT_ACTIVE_COMPILATION_CONDITIONS = DEBUG;
				SWIFT_OPTIMIZATION_LEVEL = "-Onone";
			};
			name = Debug;
		};
		FDC3828526CFCBEF0001EE18 /* Release */ = {
			isa = XCBuildConfiguration;
			buildSettings = {
				ALWAYS_SEARCH_USER_PATHS = NO;
				CLANG_ANALYZER_NONNULL = YES;
				CLANG_ANALYZER_NUMBER_OBJECT_CONVERSION = YES_AGGRESSIVE;
				CLANG_CXX_LANGUAGE_STANDARD = "gnu++14";
				CLANG_CXX_LIBRARY = "libc++";
				CLANG_ENABLE_MODULES = YES;
				CLANG_ENABLE_OBJC_ARC = YES;
				CLANG_ENABLE_OBJC_WEAK = YES;
				CLANG_WARN_BLOCK_CAPTURE_AUTORELEASING = YES;
				CLANG_WARN_BOOL_CONVERSION = YES;
				CLANG_WARN_COMMA = YES;
				CLANG_WARN_CONSTANT_CONVERSION = YES;
				CLANG_WARN_DEPRECATED_OBJC_IMPLEMENTATIONS = YES;
				CLANG_WARN_DIRECT_OBJC_ISA_USAGE = YES_ERROR;
				CLANG_WARN_DOCUMENTATION_COMMENTS = YES;
				CLANG_WARN_EMPTY_BODY = YES;
				CLANG_WARN_ENUM_CONVERSION = YES;
				CLANG_WARN_INFINITE_RECURSION = YES;
				CLANG_WARN_INT_CONVERSION = YES;
				CLANG_WARN_NON_LITERAL_NULL_CONVERSION = YES;
				CLANG_WARN_OBJC_IMPLICIT_RETAIN_SELF = YES;
				CLANG_WARN_OBJC_LITERAL_CONVERSION = YES;
				CLANG_WARN_OBJC_ROOT_CLASS = YES_ERROR;
				CLANG_WARN_QUOTED_INCLUDE_IN_FRAMEWORK_HEADER = YES;
				CLANG_WARN_RANGE_LOOP_ANALYSIS = YES;
				CLANG_WARN_STRICT_PROTOTYPES = YES;
				CLANG_WARN_SUSPICIOUS_MOVE = YES;
				CLANG_WARN_UNGUARDED_AVAILABILITY = YES_AGGRESSIVE;
				CLANG_WARN_UNREACHABLE_CODE = YES;
				CLANG_WARN__DUPLICATE_METHOD_MATCH = YES;
				COPY_PHASE_STRIP = NO;
				DEBUG_INFORMATION_FORMAT = "dwarf-with-dsym";
				ENABLE_NS_ASSERTIONS = NO;
				ENABLE_STRICT_OBJC_MSGSEND = YES;
				GCC_C_LANGUAGE_STANDARD = gnu11;
				GCC_NO_COMMON_BLOCKS = YES;
				GCC_WARN_64_TO_32_BIT_CONVERSION = YES;
				GCC_WARN_ABOUT_RETURN_TYPE = YES_ERROR;
				GCC_WARN_UNDECLARED_SELECTOR = YES;
				GCC_WARN_UNINITIALIZED_AUTOS = YES_AGGRESSIVE;
				GCC_WARN_UNUSED_FUNCTION = YES;
				GCC_WARN_UNUSED_VARIABLE = YES;
				IPHONEOS_DEPLOYMENT_TARGET = 14.5;
				MTL_ENABLE_DEBUG_INFO = NO;
				MTL_FAST_MATH = YES;
				SDKROOT = iphoneos;
				SWIFT_COMPILATION_MODE = wholemodule;
				SWIFT_OPTIMIZATION_LEVEL = "-O";
				VALIDATE_PRODUCT = YES;
			};
			name = Release;
		};
		FDC3828726CFCBEF0001EE18 /* Debug */ = {
			isa = XCBuildConfiguration;
			buildSettings = {
				ASSETCATALOG_COMPILER_APPICON_NAME = AppIcon;
				ASSETCATALOG_COMPILER_GLOBAL_ACCENT_COLOR_NAME = AccentColor;
				CODE_SIGN_STYLE = Automatic;
				DEVELOPMENT_TEAM = 93336KV4Q7;
				INFOPLIST_FILE = SliderHomeWork/Info.plist;
				LD_RUNPATH_SEARCH_PATHS = (
					"$(inherited)",
					"@executable_path/Frameworks",
				);
				PRODUCT_BUNDLE_IDENTIFIER = com.nadzeya.shpakouskaya.SliderHomeWork;
				PRODUCT_NAME = "$(TARGET_NAME)";
				SWIFT_VERSION = 5.0;
				TARGETED_DEVICE_FAMILY = 1;
			};
			name = Debug;
		};
		FDC3828826CFCBEF0001EE18 /* Release */ = {
			isa = XCBuildConfiguration;
			buildSettings = {
				ASSETCATALOG_COMPILER_APPICON_NAME = AppIcon;
				ASSETCATALOG_COMPILER_GLOBAL_ACCENT_COLOR_NAME = AccentColor;
				CODE_SIGN_STYLE = Automatic;
				DEVELOPMENT_TEAM = 93336KV4Q7;
				INFOPLIST_FILE = SliderHomeWork/Info.plist;
				LD_RUNPATH_SEARCH_PATHS = (
					"$(inherited)",
					"@executable_path/Frameworks",
				);
				PRODUCT_BUNDLE_IDENTIFIER = com.nadzeya.shpakouskaya.SliderHomeWork;
				PRODUCT_NAME = "$(TARGET_NAME)";
				SWIFT_VERSION = 5.0;
				TARGETED_DEVICE_FAMILY = 1;
			};
			name = Release;
		};
/* End XCBuildConfiguration section */

/* Begin XCConfigurationList section */
		FDC3826D26CFCBEE0001EE18 /* Build configuration list for PBXProject "SliderHomeWork" */ = {
			isa = XCConfigurationList;
			buildConfigurations = (
				FDC3828426CFCBEF0001EE18 /* Debug */,
				FDC3828526CFCBEF0001EE18 /* Release */,
			);
			defaultConfigurationIsVisible = 0;
			defaultConfigurationName = Release;
		};
		FDC3828626CFCBEF0001EE18 /* Build configuration list for PBXNativeTarget "SliderHomeWork" */ = {
			isa = XCConfigurationList;
			buildConfigurations = (
				FDC3828726CFCBEF0001EE18 /* Debug */,
				FDC3828826CFCBEF0001EE18 /* Release */,
			);
			defaultConfigurationIsVisible = 0;
			defaultConfigurationName = Release;
		};
/* End XCConfigurationList section */
	};
	rootObject = FDC3826A26CFCBEE0001EE18 /* Project object */;
}
